
Microsoft Visual Studio Solution File, Format Version 12.00
# Visual Studio Version 17
VisualStudioVersion = 17.7.34031.279
MinimumVisualStudioVersion = 10.0.40219.1
Project("{FAE04EC0-301F-11D3-BF4B-00C04F79EFBC}") = "VehicleSpeedControlSystem.Server", "Server\VehicleSpeedControlSystem.Server.csproj", "{7AA1424B-6D30-45A6-B087-8664A88E4497}"
EndProject
Project("{FAE04EC0-301F-11D3-BF4B-00C04F79EFBC}") = "VehicleSpeedControlSystem.Client", "Client\VehicleSpeedControlSystem.Client.csproj", "{742894DF-DF61-47C7-A1E8-165AA7DEC265}"
EndProject
Project("{FAE04EC0-301F-11D3-BF4B-00C04F79EFBC}") = "VehicleSpeedControlSystem.Shared", "Shared\VehicleSpeedControlSystem.Shared.csproj", "{B02F7DFD-0F03-4455-822A-6850752D795E}"
EndProject
Global
	GlobalSection(SolutionConfigurationPlatforms) = preSolution
		Debug|Any CPU = Debug|Any CPU
		Release|Any CPU = Release|Any CPU
	EndGlobalSection
	GlobalSection(ProjectConfigurationPlatforms) = postSolution
		{7AA1424B-6D30-45A6-B087-8664A88E4497}.Debug|Any CPU.ActiveCfg = Debug|Any CPU
		{7AA1424B-6D30-45A6-B087-8664A88E4497}.Debug|Any CPU.Build.0 = Debug|Any CPU
		{7AA1424B-6D30-45A6-B087-8664A88E4497}.Release|Any CPU.ActiveCfg = Release|Any CPU
		{7AA1424B-6D30-45A6-B087-8664A88E4497}.Release|Any CPU.Build.0 = Release|Any CPU
		{742894DF-DF61-47C7-A1E8-165AA7DEC265}.Debug|Any CPU.ActiveCfg = Debug|Any CPU
		{742894DF-DF61-47C7-A1E8-165AA7DEC265}.Debug|Any CPU.Build.0 = Debug|Any CPU
		{742894DF-DF61-47C7-A1E8-165AA7DEC265}.Release|Any CPU.ActiveCfg = Release|Any CPU
		{742894DF-DF61-47C7-A1E8-165AA7DEC265}.Release|Any CPU.Build.0 = Release|Any CPU
		{B02F7DFD-0F03-4455-822A-6850752D795E}.Debug|Any CPU.ActiveCfg = Debug|Any CPU
		{B02F7DFD-0F03-4455-822A-6850752D795E}.Debug|Any CPU.Build.0 = Debug|Any CPU
		{B02F7DFD-0F03-4455-822A-6850752D795E}.Release|Any CPU.ActiveCfg = Release|Any CPU
		{B02F7DFD-0F03-4455-822A-6850752D795E}.Release|Any CPU.Build.0 = Release|Any CPU
	EndGlobalSection
	GlobalSection(SolutionProperties) = preSolution
		HideSolutionNode = FALSE
	EndGlobalSection
	GlobalSection(ExtensibilityGlobals) = postSolution
		SolutionGuid = {08A68F22-1A3E-467A-ABDE-296D10FE17B9}
	EndGlobalSection
EndGlobal
